
Microsoft Visual Studio Solution File, Format Version 12.00
# Visual Studio Version 16
VisualStudioVersion = 16.0.32002.261
MinimumVisualStudioVersion = 10.0.40219.1
Project("{FAE04EC0-301F-11D3-BF4B-00C04F79EFBC}") = "btl", "btl\btl.csproj", "{3BDECBF4-9F72-49CB-B012-BFC7786BC5CB}"
EndProject
Global
	GlobalSection(SolutionConfigurationPlatforms) = preSolution
		Debug|Any CPU = Debug|Any CPU
		Release|Any CPU = Release|Any CPU
	EndGlobalSection
	GlobalSection(ProjectConfigurationPlatforms) = postSolution
		{3BDECBF4-9F72-49CB-B012-BFC7786BC5CB}.Debug|Any CPU.ActiveCfg = Debug|Any CPU
		{3BDECBF4-9F72-49CB-B012-BFC7786BC5CB}.Debug|Any CPU.Build.0 = Debug|Any CPU
		{3BDECBF4-9F72-49CB-B012-BFC7786BC5CB}.Release|Any CPU.ActiveCfg = Release|Any CPU
		{3BDECBF4-9F72-49CB-B012-BFC7786BC5CB}.Release|Any CPU.Build.0 = Release|Any CPU
	EndGlobalSection
	GlobalSection(SolutionProperties) = preSolution
		HideSolutionNode = FALSE
	EndGlobalSection
	GlobalSection(ExtensibilityGlobals) = postSolution
		SolutionGuid = {1CE05D38-FC27-4718-A0FD-0F4E0CF219CE}
	EndGlobalSection
EndGlobal
